
Microsoft Visual Studio Solution File, Format Version 12.00
# Visual Studio Version 17
VisualStudioVersion = 17.8.34330.188
MinimumVisualStudioVersion = 10.0.40219.1
Project("{888888A0-9F3D-457C-B088-3A5042F75D52}") = "christmas_tree", "christmas_tree\christmas_tree.pyproj", "{9AC243A8-6939-4EF2-9B37-6BC7C279CF7A}"
EndProject
Global
	GlobalSection(SolutionConfigurationPlatforms) = preSolution
		Debug|Any CPU = Debug|Any CPU
		Release|Any CPU = Release|Any CPU
	EndGlobalSection
	GlobalSection(ProjectConfigurationPlatforms) = postSolution
		{9AC243A8-6939-4EF2-9B37-6BC7C279CF7A}.Debug|Any CPU.ActiveCfg = Debug|Any CPU
		{9AC243A8-6939-4EF2-9B37-6BC7C279CF7A}.Release|Any CPU.ActiveCfg = Release|Any CPU
	EndGlobalSection
	GlobalSection(SolutionProperties) = preSolution
		HideSolutionNode = FALSE
	EndGlobalSection
	GlobalSection(ExtensibilityGlobals) = postSolution
		SolutionGuid = {E01A8E6A-D66C-413B-8EA7-7D58E5705314}
	EndGlobalSection
EndGlobal
